<?xml version="1.0" encoding="utf-8"?>
<Project ToolsVersion="4.0" xmlns="http://schemas.microsoft.com/developer/msbuild/2003">
  <ItemGroup>
    <Filter Include="Beetle">
      <UniqueIdentifier>{368730A9-2229-5B7F-0BE4-6ED3F724E2CF}</UniqueIdentifier>
    </Filter>
  </ItemGroup>
  <ItemGroup>
    <ClInclude Include="src\Beetle.h" />
    <ClInclude Include="src\Beetle\Application.h">
      <Filter>Beetle</Filter>
    </ClInclude>
    <ClInclude Include="src\Beetle\Core.h">
      <Filter>Beetle</Filter>
    </ClInclude>
    <ClInclude Include="src\Beetle\EntryPoint.h">
      <Filter>Beetle</Filter>
    </ClInclude>
    <ClInclude Include="src\Beetle\Log.h">
      <Filter>Beetle</Filter>
    </ClInclude>
  </ItemGroup>
  <ItemGroup>
    <ClCompile Include="src\Beetle\Application.cpp">
      <Filter>Beetle</Filter>
    </ClCompile>
    <ClCompile Include="src\Beetle\Log.cpp">
      <Filter>Beetle</Filter>
    </ClCompile>
  </ItemGroup>
</Project>