<?xml version="1.0" encoding="utf-8"?>
<Project ToolsVersion="4.0" xmlns="http://schemas.microsoft.com/developer/msbuild/2003">
  <ItemGroup>
    <Filter Include="src">
      <UniqueIdentifier>{2DAB880B-99B4-887C-2230-9F7C8E38947C}</UniqueIdentifier>
    </Filter>
    <Filter Include="src\Beetle">
      <UniqueIdentifier>{6D608F06-5918-D153-C21F-AAAFAEF66B44}</UniqueIdentifier>
    </Filter>
    <Filter Include="src\Beetle\Core">
      <UniqueIdentifier>{E5D0E668-515C-542D-5A6D-D721C677B02D}</UniqueIdentifier>
    </Filter>
    <Filter Include="src\Beetle\Debug">
      <UniqueIdentifier>{A348CD85-8F41-ECD7-B873-D15CA4CBCBE3}</UniqueIdentifier>
    </Filter>
    <Filter Include="src\Beetle\Events">
      <UniqueIdentifier>{B1AF0043-1DC6-FED8-663D-8AFAD292CF60}</UniqueIdentifier>
    </Filter>
    <Filter Include="src\Beetle\ImGui">
      <UniqueIdentifier>{57B32B86-43AC-4AD8-6CDE-2F5D58362AE4}</UniqueIdentifier>
    </Filter>
    <Filter Include="src\Beetle\Renderer">
      <UniqueIdentifier>{B36EE6FC-1FD0-C30A-A83D-0ABD149EFAC9}</UniqueIdentifier>
    </Filter>
    <Filter Include="src\Beetle\Scene">
      <UniqueIdentifier>{4AABDB86-36A4-FAD8-5FD6-DF5D4B2EDAE4}</UniqueIdentifier>
    </Filter>
    <Filter Include="src\Platform">
      <UniqueIdentifier>{21CA02E5-0D2D-9289-B6B2-CA3FA2F45D0C}</UniqueIdentifier>
    </Filter>
    <Filter Include="src\Platform\OpenGL">
      <UniqueIdentifier>{35A49437-A105-7245-2A73-B8F796D3A804}</UniqueIdentifier>
    </Filter>
    <Filter Include="src\Platform\Windows">
      <UniqueIdentifier>{5B054582-4794-CE4B-F0B2-E246DC20DFF1}</UniqueIdentifier>
    </Filter>
    <Filter Include="vendor">
      <UniqueIdentifier>{B3738122-9F15-ACF8-88D0-BF4C74113349}</UniqueIdentifier>
    </Filter>
    <Filter Include="vendor\stb_image">
      <UniqueIdentifier>{0DA0BA59-F998-D9AB-22CB-BE300E23B9B7}</UniqueIdentifier>
    </Filter>
  </ItemGroup>
  <ItemGroup>
    <ClInclude Include="src\Beetle.h">
      <Filter>src</Filter>
    </ClInclude>
    <ClInclude Include="src\Beetle\Core\Application.h">
      <Filter>src\Beetle\Core</Filter>
    </ClInclude>
    <ClInclude Include="src\Beetle\Core\Assert.h">
      <Filter>src\Beetle\Core</Filter>
    </ClInclude>
    <ClInclude Include="src\Beetle\Core\Core.h">
      <Filter>src\Beetle\Core</Filter>
    </ClInclude>
    <ClInclude Include="src\Beetle\Core\EntryPoint.h">
      <Filter>src\Beetle\Core</Filter>
    </ClInclude>
    <ClInclude Include="src\Beetle\Core\Input.h">
      <Filter>src\Beetle\Core</Filter>
    </ClInclude>
    <ClInclude Include="src\Beetle\Core\KeyCodes.h">
      <Filter>src\Beetle\Core</Filter>
    </ClInclude>
    <ClInclude Include="src\Beetle\Core\Layer.h">
      <Filter>src\Beetle\Core</Filter>
    </ClInclude>
    <ClInclude Include="src\Beetle\Core\LayerStack.h">
      <Filter>src\Beetle\Core</Filter>
    </ClInclude>
    <ClInclude Include="src\Beetle\Core\Log.h">
      <Filter>src\Beetle\Core</Filter>
    </ClInclude>
    <ClInclude Include="src\Beetle\Core\MouseButtonCodes.h">
      <Filter>src\Beetle\Core</Filter>
    </ClInclude>
    <ClInclude Include="src\Beetle\Core\PlatformDetection.h">
      <Filter>src\Beetle\Core</Filter>
    </ClInclude>
    <ClInclude Include="src\Beetle\Core\TimeStamp.h">
      <Filter>src\Beetle\Core</Filter>
    </ClInclude>
    <ClInclude Include="src\Beetle\Core\Window.h">
      <Filter>src\Beetle\Core</Filter>
    </ClInclude>
    <ClInclude Include="src\Beetle\Debug\Instrumentor.h">
      <Filter>src\Beetle\Debug</Filter>
    </ClInclude>
    <ClInclude Include="src\Beetle\Events\ApplicationEvent.h">
      <Filter>src\Beetle\Events</Filter>
    </ClInclude>
    <ClInclude Include="src\Beetle\Events\Event.h">
      <Filter>src\Beetle\Events</Filter>
    </ClInclude>
    <ClInclude Include="src\Beetle\Events\KeyEvent.h">
      <Filter>src\Beetle\Events</Filter>
    </ClInclude>
    <ClInclude Include="src\Beetle\Events\MouseEvent.h">
      <Filter>src\Beetle\Events</Filter>
    </ClInclude>
    <ClInclude Include="src\Beetle\ImGui\ImGuiLayer.h">
      <Filter>src\Beetle\ImGui</Filter>
    </ClInclude>
    <ClInclude Include="src\Beetle\Renderer\Buffer.h">
      <Filter>src\Beetle\Renderer</Filter>
    </ClInclude>
    <ClInclude Include="src\Beetle\Renderer\Camera.h">
      <Filter>src\Beetle\Renderer</Filter>
    </ClInclude>
    <ClInclude Include="src\Beetle\Renderer\FrameBuffer.h">
      <Filter>src\Beetle\Renderer</Filter>
    </ClInclude>
    <ClInclude Include="src\Beetle\Renderer\GraphicsContext.h">
      <Filter>src\Beetle\Renderer</Filter>
    </ClInclude>
    <ClInclude Include="src\Beetle\Renderer\OrthographicCamera.h">
      <Filter>src\Beetle\Renderer</Filter>
    </ClInclude>
    <ClInclude Include="src\Beetle\Renderer\OrthographicCameraController.h">
      <Filter>src\Beetle\Renderer</Filter>
    </ClInclude>
    <ClInclude Include="src\Beetle\Renderer\Renderer.h">
      <Filter>src\Beetle\Renderer</Filter>
    </ClInclude>
    <ClInclude Include="src\Beetle\Renderer\Renderer2D.h">
      <Filter>src\Beetle\Renderer</Filter>
    </ClInclude>
    <ClInclude Include="src\Beetle\Renderer\RendererAPI.h">
      <Filter>src\Beetle\Renderer</Filter>
    </ClInclude>
    <ClInclude Include="src\Beetle\Renderer\RendererCommand.h">
      <Filter>src\Beetle\Renderer</Filter>
    </ClInclude>
    <ClInclude Include="src\Beetle\Renderer\Shader.h">
      <Filter>src\Beetle\Renderer</Filter>
    </ClInclude>
    <ClInclude Include="src\Beetle\Renderer\Texture.h">
      <Filter>src\Beetle\Renderer</Filter>
    </ClInclude>
    <ClInclude Include="src\Beetle\Renderer\VertexArray.h">
      <Filter>src\Beetle\Renderer</Filter>
    </ClInclude>
    <ClInclude Include="src\Beetle\Scene\Components.h">
      <Filter>src\Beetle\Scene</Filter>
    </ClInclude>
    <ClInclude Include="src\Beetle\Scene\Entity.h">
      <Filter>src\Beetle\Scene</Filter>
    </ClInclude>
    <ClInclude Include="src\Beetle\Scene\Scene.h">
      <Filter>src\Beetle\Scene</Filter>
    </ClInclude>
    <ClInclude Include="src\Beetle\Scene\SceneCamera.h">
      <Filter>src\Beetle\Scene</Filter>
    </ClInclude>
    <ClInclude Include="src\Beetle\Scene\ScriptableEntity.h">
      <Filter>src\Beetle\Scene</Filter>
    </ClInclude>
    <ClInclude Include="src\Platform\OpenGL\OpenGLBuffer.h">
      <Filter>src\Platform\OpenGL</Filter>
    </ClInclude>
    <ClInclude Include="src\Platform\OpenGL\OpenGLContext.h">
      <Filter>src\Platform\OpenGL</Filter>
    </ClInclude>
    <ClInclude Include="src\Platform\OpenGL\OpenGLFrameBuffer.h">
      <Filter>src\Platform\OpenGL</Filter>
    </ClInclude>
    <ClInclude Include="src\Platform\OpenGL\OpenGLRendererAPI.h">
      <Filter>src\Platform\OpenGL</Filter>
    </ClInclude>
    <ClInclude Include="src\Platform\OpenGL\OpenGLShader.h">
      <Filter>src\Platform\OpenGL</Filter>
    </ClInclude>
    <ClInclude Include="src\Platform\OpenGL\OpenGLTexture.h">
      <Filter>src\Platform\OpenGL</Filter>
    </ClInclude>
    <ClInclude Include="src\Platform\OpenGL\OpenGLVertexArray.h">
      <Filter>src\Platform\OpenGL</Filter>
    </ClInclude>
    <ClInclude Include="src\Platform\Windows\WindowsWindow.h">
      <Filter>src\Platform\Windows</Filter>
    </ClInclude>
    <ClInclude Include="src\btpch.h">
      <Filter>src</Filter>
    </ClInclude>
    <ClInclude Include="vendor\stb_image\stb_image.h">
      <Filter>vendor\stb_image</Filter>
    </ClInclude>
    <ClInclude Include="src\Beetle\Scene\SceneSerializer.h" />
    <ClInclude Include="src\Beetle\Utils\PlatformUtils.h" />
  </ItemGroup>
  <ItemGroup>
    <ClCompile Include="src\Beetle\Core\Application.cpp">
      <Filter>src\Beetle\Core</Filter>
    </ClCompile>
    <ClCompile Include="src\Beetle\Core\Layer.cpp">
      <Filter>src\Beetle\Core</Filter>
    </ClCompile>
    <ClCompile Include="src\Beetle\Core\LayerStack.cpp">
      <Filter>src\Beetle\Core</Filter>
    </ClCompile>
    <ClCompile Include="src\Beetle\Core\Log.cpp">
      <Filter>src\Beetle\Core</Filter>
    </ClCompile>
    <ClCompile Include="src\Beetle\ImGui\ImGuiBuild.cpp">
      <Filter>src\Beetle\ImGui</Filter>
    </ClCompile>
    <ClCompile Include="src\Beetle\ImGui\ImGuiLayer.cpp">
      <Filter>src\Beetle\ImGui</Filter>
    </ClCompile>
    <ClCompile Include="src\Beetle\Renderer\Buffer.cpp">
      <Filter>src\Beetle\Renderer</Filter>
    </ClCompile>
    <ClCompile Include="src\Beetle\Renderer\FrameBuffer.cpp">
      <Filter>src\Beetle\Renderer</Filter>
    </ClCompile>
    <ClCompile Include="src\Beetle\Renderer\GraphicsContext.cpp">
      <Filter>src\Beetle\Renderer</Filter>
    </ClCompile>
    <ClCompile Include="src\Beetle\Renderer\OrthographicCamera.cpp">
      <Filter>src\Beetle\Renderer</Filter>
    </ClCompile>
    <ClCompile Include="src\Beetle\Renderer\OrthographicCameraController.cpp">
      <Filter>src\Beetle\Renderer</Filter>
    </ClCompile>
    <ClCompile Include="src\Beetle\Renderer\Renderer.cpp">
      <Filter>src\Beetle\Renderer</Filter>
    </ClCompile>
    <ClCompile Include="src\Beetle\Renderer\Renderer2D.cpp">
      <Filter>src\Beetle\Renderer</Filter>
    </ClCompile>
    <ClCompile Include="src\Beetle\Renderer\RendererAPI.cpp">
      <Filter>src\Beetle\Renderer</Filter>
    </ClCompile>
    <ClCompile Include="src\Beetle\Renderer\RendererCommand.cpp">
      <Filter>src\Beetle\Renderer</Filter>
    </ClCompile>
    <ClCompile Include="src\Beetle\Renderer\Shader.cpp">
      <Filter>src\Beetle\Renderer</Filter>
    </ClCompile>
    <ClCompile Include="src\Beetle\Renderer\Texture.cpp">
      <Filter>src\Beetle\Renderer</Filter>
    </ClCompile>
    <ClCompile Include="src\Beetle\Renderer\VertexArray.cpp">
      <Filter>src\Beetle\Renderer</Filter>
    </ClCompile>
    <ClCompile Include="src\Beetle\Scene\Entity.cpp">
      <Filter>src\Beetle\Scene</Filter>
    </ClCompile>
    <ClCompile Include="src\Beetle\Scene\Scene.cpp">
      <Filter>src\Beetle\Scene</Filter>
    </ClCompile>
    <ClCompile Include="src\Beetle\Scene\SceneCamera.cpp">
      <Filter>src\Beetle\Scene</Filter>
    </ClCompile>
    <ClCompile Include="src\Platform\OpenGL\OpenGLBuffer.cpp">
      <Filter>src\Platform\OpenGL</Filter>
    </ClCompile>
    <ClCompile Include="src\Platform\OpenGL\OpenGLContext.cpp">
      <Filter>src\Platform\OpenGL</Filter>
    </ClCompile>
    <ClCompile Include="src\Platform\OpenGL\OpenGLFrameBuffer.cpp">
      <Filter>src\Platform\OpenGL</Filter>
    </ClCompile>
    <ClCompile Include="src\Platform\OpenGL\OpenGLRendererAPI.cpp">
      <Filter>src\Platform\OpenGL</Filter>
    </ClCompile>
    <ClCompile Include="src\Platform\OpenGL\OpenGLShader.cpp">
      <Filter>src\Platform\OpenGL</Filter>
    </ClCompile>
    <ClCompile Include="src\Platform\OpenGL\OpenGLTexture.cpp">
      <Filter>src\Platform\OpenGL</Filter>
    </ClCompile>
    <ClCompile Include="src\Platform\OpenGL\OpenGLVertexArray.cpp">
      <Filter>src\Platform\OpenGL</Filter>
    </ClCompile>
    <ClCompile Include="src\Platform\Windows\WindowsInput.cpp">
      <Filter>src\Platform\Windows</Filter>
    </ClCompile>
    <ClCompile Include="src\Platform\Windows\WindowsWindow.cpp">
      <Filter>src\Platform\Windows</Filter>
    </ClCompile>
    <ClCompile Include="src\btpch.cpp">
      <Filter>src</Filter>
    </ClCompile>
    <ClCompile Include="vendor\stb_image\stb_image.cpp">
      <Filter>vendor\stb_image</Filter>
    </ClCompile>
    <ClCompile Include="src\Beetle\Scene\SceneSerializer.cpp" />
    <ClCompile Include="src\Platform\Windows\WindowsPlatformUtils.cpp" />
  </ItemGroup>
</Project>